Microsoft Visual Studio Solution File, Format Version 12.00
Project("{9A19103F-16F7-4668-BE54-9A1E7A4F7556}") = "CalculatorLogic.Tests", "sem2_lab4\CalculatorLogic.Tests\CalculatorLogic.Tests.csproj", "{ABB24BAF-F08C-4988-BA6A-DB8BE5284A58}"
EndProject
Project("{9A19103F-16F7-4668-BE54-9A1E7A4F7556}") = "sem2_lab4", "sem2_lab4\BlazorFrontend\sem2_lab4.csproj", "{6FB7A6A8-CB23-460C-B156-E10FA6A3BC37}"
EndProject
Project("{9A19103F-16F7-4668-BE54-9A1E7A4F7556}") = "CalculatorLogic", "sem2_lab4\CalculatorLogic\CalculatorLogic.csproj", "{E3472CE2-7F6D-48EC-B37C-F55D761AF29C}"
EndProject
Global
	GlobalSection(SolutionConfigurationPlatforms) = preSolution
		Debug|Any CPU = Debug|Any CPU
		Release|Any CPU = Release|Any CPU
	EndGlobalSection
	GlobalSection(ProjectConfigurationPlatforms) = postSolution
		{ABB24BAF-F08C-4988-BA6A-DB8BE5284A58}.Debug|Any CPU.ActiveCfg = Debug|Any CPU
		{ABB24BAF-F08C-4988-BA6A-DB8BE5284A58}.Debug|Any CPU.Build.0 = Debug|Any CPU
		{ABB24BAF-F08C-4988-BA6A-DB8BE5284A58}.Release|Any CPU.ActiveCfg = Release|Any CPU
		{ABB24BAF-F08C-4988-BA6A-DB8BE5284A58}.Release|Any CPU.Build.0 = Release|Any CPU
		{6FB7A6A8-CB23-460C-B156-E10FA6A3BC37}.Debug|Any CPU.ActiveCfg = Debug|Any CPU
		{6FB7A6A8-CB23-460C-B156-E10FA6A3BC37}.Debug|Any CPU.Build.0 = Debug|Any CPU
		{6FB7A6A8-CB23-460C-B156-E10FA6A3BC37}.Release|Any CPU.ActiveCfg = Release|Any CPU
		{6FB7A6A8-CB23-460C-B156-E10FA6A3BC37}.Release|Any CPU.Build.0 = Release|Any CPU
		{E3472CE2-7F6D-48EC-B37C-F55D761AF29C}.Debug|Any CPU.ActiveCfg = Debug|Any CPU
		{E3472CE2-7F6D-48EC-B37C-F55D761AF29C}.Debug|Any CPU.Build.0 = Debug|Any CPU
		{E3472CE2-7F6D-48EC-B37C-F55D761AF29C}.Release|Any CPU.ActiveCfg = Release|Any CPU
		{E3472CE2-7F6D-48EC-B37C-F55D761AF29C}.Release|Any CPU.Build.0 = Release|Any CPU
	EndGlobalSection
	GlobalSection(SolutionProperties) = preSolution
		HideSolutionNode = FALSE
	EndGlobalSection
	GlobalSection(ExtensibilityGlobals) = postSolution
		SolutionGuid = {13F81864-AAE9-4EC5-859B-5D9547A59B54}
	EndGlobalSection
EndGlobal
