Microsoft Visual Studio Solution File, Format Version 12.00
Project("{9A19103F-16F7-4668-BE54-9A1E7A4F7556}") = "code", "sem2_referat\code\code.csproj", "{3FCBE31E-A6C7-4342-B62E-DBAD220F4B59}"
EndProject
Global
	GlobalSection(SolutionConfigurationPlatforms) = preSolution
		Debug|Any CPU = Debug|Any CPU
		Release|Any CPU = Release|Any CPU
	EndGlobalSection
	GlobalSection(ProjectConfigurationPlatforms) = postSolution
		{3FCBE31E-A6C7-4342-B62E-DBAD220F4B59}.Debug|Any CPU.ActiveCfg = Debug|Any CPU
		{3FCBE31E-A6C7-4342-B62E-DBAD220F4B59}.Debug|Any CPU.Build.0 = Debug|Any CPU
		{3FCBE31E-A6C7-4342-B62E-DBAD220F4B59}.Release|Any CPU.ActiveCfg = Release|Any CPU
		{3FCBE31E-A6C7-4342-B62E-DBAD220F4B59}.Release|Any CPU.Build.0 = Release|Any CPU
	EndGlobalSection
	GlobalSection(SolutionProperties) = preSolution
		HideSolutionNode = FALSE
	EndGlobalSection
	GlobalSection(ExtensibilityGlobals) = postSolution
		SolutionGuid = {DF370D4C-42EF-408B-849A-C53680E81AA8}
	EndGlobalSection
EndGlobal
