Microsoft Visual Studio Solution File, Format Version 12.00
Project("{9A19103F-16F7-4668-BE54-9A1E7A4F7556}") = "lab5", "lab5.csproj", "{B71121DB-5D95-40D5-98FC-01E05E27BB88}"
EndProject
Global
	GlobalSection(SolutionConfigurationPlatforms) = preSolution
		Debug|Any CPU = Debug|Any CPU
		Release|Any CPU = Release|Any CPU
	EndGlobalSection
	GlobalSection(ProjectConfigurationPlatforms) = postSolution
		{B71121DB-5D95-40D5-98FC-01E05E27BB88}.Debug|Any CPU.ActiveCfg = Debug|Any CPU
		{B71121DB-5D95-40D5-98FC-01E05E27BB88}.Debug|Any CPU.Build.0 = Debug|Any CPU
		{B71121DB-5D95-40D5-98FC-01E05E27BB88}.Release|Any CPU.ActiveCfg = Release|Any CPU
		{B71121DB-5D95-40D5-98FC-01E05E27BB88}.Release|Any CPU.Build.0 = Release|Any CPU
	EndGlobalSection
	GlobalSection(SolutionProperties) = preSolution
		HideSolutionNode = FALSE
	EndGlobalSection
	GlobalSection(ExtensibilityGlobals) = postSolution
		SolutionGuid = {F3C23747-6353-4D9D-BEE7-EC683E571FB4}
	EndGlobalSection
EndGlobal
